
Microsoft Visual Studio Solution File, Format Version 12.00
# Visual Studio Version 17
VisualStudioVersion = 17.7.34031.279
MinimumVisualStudioVersion = 10.0.40219.1
Project("{9A19103F-16F7-4668-BE54-9A1E7A4F7556}") = "FeedbackSystem13519", "FeedbackSystem13519\FeedbackSystem13519.csproj", "{96E10ED8-5B80-4E5C-9F08-DB09CB26D63F}"
EndProject
Project("{9A19103F-16F7-4668-BE54-9A1E7A4F7556}") = "FeedbackAppMVC", "FeedbackAppMVC\FeedbackAppMVC.csproj", "{98C387AB-695D-437D-8099-20B5FB421E48}"
EndProject
Global
	GlobalSection(SolutionConfigurationPlatforms) = preSolution
		Debug|Any CPU = Debug|Any CPU
		Release|Any CPU = Release|Any CPU
	EndGlobalSection
	GlobalSection(ProjectConfigurationPlatforms) = postSolution
		{96E10ED8-5B80-4E5C-9F08-DB09CB26D63F}.Debug|Any CPU.ActiveCfg = Debug|Any CPU
		{96E10ED8-5B80-4E5C-9F08-DB09CB26D63F}.Debug|Any CPU.Build.0 = Debug|Any CPU
		{96E10ED8-5B80-4E5C-9F08-DB09CB26D63F}.Release|Any CPU.ActiveCfg = Release|Any CPU
		{96E10ED8-5B80-4E5C-9F08-DB09CB26D63F}.Release|Any CPU.Build.0 = Release|Any CPU
		{98C387AB-695D-437D-8099-20B5FB421E48}.Debug|Any CPU.ActiveCfg = Debug|Any CPU
		{98C387AB-695D-437D-8099-20B5FB421E48}.Debug|Any CPU.Build.0 = Debug|Any CPU
		{98C387AB-695D-437D-8099-20B5FB421E48}.Release|Any CPU.ActiveCfg = Release|Any CPU
		{98C387AB-695D-437D-8099-20B5FB421E48}.Release|Any CPU.Build.0 = Release|Any CPU
	EndGlobalSection
	GlobalSection(SolutionProperties) = preSolution
		HideSolutionNode = FALSE
	EndGlobalSection
	GlobalSection(ExtensibilityGlobals) = postSolution
		SolutionGuid = {FF3AB8AF-E853-45E0-82AA-ECDD21266B90}
	EndGlobalSection
EndGlobal
